
Microsoft Visual Studio Solution File, Format Version 12.00
# Visual Studio Version 16
VisualStudioVersion = 16.0.30330.147
MinimumVisualStudioVersion = 10.0.40219.1
Project("{9A19103F-16F7-4668-BE54-9A1E7A4F7556}") = "SupplyChain", "SUPPLYCHAIN\SupplyChain.csproj", "{28EB003A-BFDE-41E3-B5E6-7E0F94437453}"
EndProject
Global
	GlobalSection(SolutionConfigurationPlatforms) = preSolution
		Debug|Any CPU = Debug|Any CPU
		Release|Any CPU = Release|Any CPU
	EndGlobalSection
	GlobalSection(ProjectConfigurationPlatforms) = postSolution
		{28EB003A-BFDE-41E3-B5E6-7E0F94437453}.Debug|Any CPU.ActiveCfg = Debug|Any CPU
		{28EB003A-BFDE-41E3-B5E6-7E0F94437453}.Debug|Any CPU.Build.0 = Debug|Any CPU
		{28EB003A-BFDE-41E3-B5E6-7E0F94437453}.Release|Any CPU.ActiveCfg = Release|Any CPU
		{28EB003A-BFDE-41E3-B5E6-7E0F94437453}.Release|Any CPU.Build.0 = Release|Any CPU
	EndGlobalSection
	GlobalSection(SolutionProperties) = preSolution
		HideSolutionNode = FALSE
	EndGlobalSection
	GlobalSection(ExtensibilityGlobals) = postSolution
		SolutionGuid = {ADE7C0B4-57A5-4ACD-817A-FC74BF435818}
	EndGlobalSection
EndGlobal
